
Microsoft Visual Studio Solution File, Format Version 12.00
# Visual Studio Version 17
VisualStudioVersion = 17.4.33403.182
MinimumVisualStudioVersion = 10.0.40219.1
Project("{8BC9CEB8-8B4A-11D0-8D11-00A0C91BC942}") = "CPP_Arrays", "CPP_Arrays\CPP_Arrays.vcxproj", "{0F64EE02-5148-44F1-86E1-1A3937E66DAF}"
EndProject
Global
	GlobalSection(SolutionConfigurationPlatforms) = preSolution
		Debug|x64 = Debug|x64
		Debug|x86 = Debug|x86
		Release|x64 = Release|x64
		Release|x86 = Release|x86
	EndGlobalSection
	GlobalSection(ProjectConfigurationPlatforms) = postSolution
		{0F64EE02-5148-44F1-86E1-1A3937E66DAF}.Debug|x64.ActiveCfg = Debug|x64
		{0F64EE02-5148-44F1-86E1-1A3937E66DAF}.Debug|x64.Build.0 = Debug|x64
		{0F64EE02-5148-44F1-86E1-1A3937E66DAF}.Debug|x86.ActiveCfg = Debug|Win32
		{0F64EE02-5148-44F1-86E1-1A3937E66DAF}.Debug|x86.Build.0 = Debug|Win32
		{0F64EE02-5148-44F1-86E1-1A3937E66DAF}.Release|x64.ActiveCfg = Release|x64
		{0F64EE02-5148-44F1-86E1-1A3937E66DAF}.Release|x64.Build.0 = Release|x64
		{0F64EE02-5148-44F1-86E1-1A3937E66DAF}.Release|x86.ActiveCfg = Release|Win32
		{0F64EE02-5148-44F1-86E1-1A3937E66DAF}.Release|x86.Build.0 = Release|Win32
	EndGlobalSection
	GlobalSection(SolutionProperties) = preSolution
		HideSolutionNode = FALSE
	EndGlobalSection
	GlobalSection(ExtensibilityGlobals) = postSolution
		SolutionGuid = {37949C46-40DD-47E5-924F-A0AD7699F919}
	EndGlobalSection
EndGlobal
