
Microsoft Visual Studio Solution File, Format Version 12.00
# Visual Studio Version 17
VisualStudioVersion = 17.5.33424.131
MinimumVisualStudioVersion = 10.0.40219.1
Project("{8BC9CEB8-8B4A-11D0-8D11-00A0C91BC942}") = "CPP_Recursion", "CPP_Recursion\CPP_Recursion.vcxproj", "{E07AF029-4947-435F-9551-7A66B8E6DA7C}"
EndProject
Global
	GlobalSection(SolutionConfigurationPlatforms) = preSolution
		Debug|x64 = Debug|x64
		Debug|x86 = Debug|x86
		Release|x64 = Release|x64
		Release|x86 = Release|x86
	EndGlobalSection
	GlobalSection(ProjectConfigurationPlatforms) = postSolution
		{E07AF029-4947-435F-9551-7A66B8E6DA7C}.Debug|x64.ActiveCfg = Debug|x64
		{E07AF029-4947-435F-9551-7A66B8E6DA7C}.Debug|x64.Build.0 = Debug|x64
		{E07AF029-4947-435F-9551-7A66B8E6DA7C}.Debug|x86.ActiveCfg = Debug|Win32
		{E07AF029-4947-435F-9551-7A66B8E6DA7C}.Debug|x86.Build.0 = Debug|Win32
		{E07AF029-4947-435F-9551-7A66B8E6DA7C}.Release|x64.ActiveCfg = Release|x64
		{E07AF029-4947-435F-9551-7A66B8E6DA7C}.Release|x64.Build.0 = Release|x64
		{E07AF029-4947-435F-9551-7A66B8E6DA7C}.Release|x86.ActiveCfg = Release|Win32
		{E07AF029-4947-435F-9551-7A66B8E6DA7C}.Release|x86.Build.0 = Release|Win32
	EndGlobalSection
	GlobalSection(SolutionProperties) = preSolution
		HideSolutionNode = FALSE
	EndGlobalSection
	GlobalSection(ExtensibilityGlobals) = postSolution
		SolutionGuid = {DC939C2B-6892-4E10-84C6-4EA19C4D1271}
	EndGlobalSection
EndGlobal
